// !$*UTF8*$!
{
	archiveVersion = 1;
	classes = {
	};
	objectVersion = 50;
	objects = {

/* Begin PBXBuildFile section */
		C108E839261B860E008FEAA8 /* AppDelegate.swift in Sources */ = {isa = PBXBuildFile; fileRef = C108E838261B860E008FEAA8 /* AppDelegate.swift */; };
		C108E83B261B860E008FEAA8 /* ViewController.swift in Sources */ = {isa = PBXBuildFile; fileRef = C108E83A261B860E008FEAA8 /* ViewController.swift */; };
		C108E83E261B860E008FEAA8 /* Main.storyboard in Resources */ = {isa = PBXBuildFile; fileRef = C108E83C261B860E008FEAA8 /* Main.storyboard */; };
		C108E840261B860F008FEAA8 /* Assets.xcassets in Resources */ = {isa = PBXBuildFile; fileRef = C108E83F261B860F008FEAA8 /* Assets.xcassets */; };
		C108E843261B860F008FEAA8 /* LaunchScreen.storyboard in Resources */ = {isa = PBXBuildFile; fileRef = C108E841261B860F008FEAA8 /* LaunchScreen.storyboard */; };
		C108E84B261B8703008FEAA8 /* cachorro.png in Resources */ = {isa = PBXBuildFile; fileRef = C108E84A261B8702008FEAA8 /* cachorro.png */; };
/* End PBXBuildFile section */

/* Begin PBXFileReference section */
		C108E835261B860E008FEAA8 /* Oldog.app */ = {isa = PBXFileReference; explicitFileType = wrapper.application; includeInIndex = 0; path = Oldog.app; sourceTree = BUILT_PRODUCTS_DIR; };
		C108E838261B860E008FEAA8 /* AppDelegate.swift */ = {isa = PBXFileReference; lastKnownFileType = sourcecode.swift; path = AppDelegate.swift; sourceTree = "<group>"; };
		C108E83A261B860E008FEAA8 /* ViewController.swift */ = {isa = PBXFileReference; lastKnownFileType = sourcecode.swift; path = ViewController.swift; sourceTree = "<group>"; };
		C108E83D261B860E008FEAA8 /* Base */ = {isa = PBXFileReference; lastKnownFileType = file.storyboard; name = Base; path = Base.lproj/Main.storyboard; sourceTree = "<group>"; };
		C108E83F261B860F008FEAA8 /* Assets.xcassets */ = {isa = PBXFileReference; lastKnownFileType = folder.assetcatalog; path = Assets.xcassets; sourceTree = "<group>"; };
		C108E842261B860F008FEAA8 /* Base */ = {isa = PBXFileReference; lastKnownFileType = file.storyboard; name = Base; path = Base.lproj/LaunchScreen.storyboard; sourceTree = "<group>"; };
		C108E844261B860F008FEAA8 /* Info.plist */ = {isa = PBXFileReference; lastKnownFileType = text.plist.xml; path = Info.plist; sourceTree = "<group>"; };
		C108E84A261B8702008FEAA8 /* cachorro.png */ = {isa = PBXFileReference; lastKnownFileType = image.png; name = cachorro.png; path = "../../../../Downloads/imagens-app-idade-cachorro/cachorro.png"; sourceTree = "<group>"; };
/* End PBXFileReference section */

/* Begin PBXFrameworksBuildPhase section */
		C108E832261B860E008FEAA8 /* Frameworks */ = {
			isa = PBXFrameworksBuildPhase;
			buildActionMask = 2147483647;
			files = (
			);
			runOnlyForDeploymentPostprocessing = 0;
		};
/* End PBXFrameworksBuildPhase section */

/* Begin PBXGroup section */
		C108E82C261B860E008FEAA8 = {
			isa = PBXGroup;
			children = (
				C108E837261B860E008FEAA8 /* Oldog */,
				C108E836261B860E008FEAA8 /* Products */,
			);
			sourceTree = "<group>";
		};
		C108E836261B860E008FEAA8 /* Products */ = {
			isa = PBXGroup;
			children = (
				C108E835261B860E008FEAA8 /* Oldog.app */,
			);
			name = Products;
			sourceTree = "<group>";
		};
		C108E837261B860E008FEAA8 /* Oldog */ = {
			isa = PBXGroup;
			children = (
				C108E838261B860E008FEAA8 /* AppDelegate.swift */,
				C108E83A261B860E008FEAA8 /* ViewController.swift */,
				C108E83C261B860E008FEAA8 /* Main.storyboard */,
				C108E83F261B860F008FEAA8 /* Assets.xcassets */,
				C108E84A261B8702008FEAA8 /* cachorro.png */,
				C108E841261B860F008FEAA8 /* LaunchScreen.storyboard */,
				C108E844261B860F008FEAA8 /* Info.plist */,
			);
			path = Oldog;
			sourceTree = "<group>";
		};
/* End PBXGroup section */

/* Begin PBXNativeTarget section */
		C108E834261B860E008FEAA8 /* Oldog */ = {
			isa = PBXNativeTarget;
			buildConfigurationList = C108E847261B860F008FEAA8 /* Build configuration list for PBXNativeTarget "Oldog" */;
			buildPhases = (
				C108E831261B860E008FEAA8 /* Sources */,
				C108E832261B860E008FEAA8 /* Frameworks */,
				C108E833261B860E008FEAA8 /* Resources */,
			);
			buildRules = (
			);
			dependencies = (
			);
			name = Oldog;
			productName = Oldog;
			productReference = C108E835261B860E008FEAA8 /* Oldog.app */;
			productType = "com.apple.product-type.application";
		};
/* End PBXNativeTarget section */

/* Begin PBXProject section */
		C108E82D261B860E008FEAA8 /* Project object */ = {
			isa = PBXProject;
			attributes = {
				LastSwiftUpdateCheck = 1010;
				LastUpgradeCheck = 1010;
				ORGANIZATIONNAME = everis;
				TargetAttributes = {
					C108E834261B860E008FEAA8 = {
						CreatedOnToolsVersion = 10.1;
					};
				};
			};
			buildConfigurationList = C108E830261B860E008FEAA8 /* Build configuration list for PBXProject "Oldog" */;
			compatibilityVersion = "Xcode 9.3";
			developmentRegion = en;
			hasScannedForEncodings = 0;
			knownRegions = (
				en,
				Base,
			);
			mainGroup = C108E82C261B860E008FEAA8;
			productRefGroup = C108E836261B860E008FEAA8 /* Products */;
			projectDirPath = "";
			projectRoot = "";
			targets = (
				C108E834261B860E008FEAA8 /* Oldog */,
			);
		};
/* End PBXProject section */

/* Begin PBXResourcesBuildPhase section */
		C108E833261B860E008FEAA8 /* Resources */ = {
			isa = PBXResourcesBuildPhase;
			buildActionMask = 2147483647;
			files = (
				C108E84B261B8703008FEAA8 /* cachorro.png in Resources */,
				C108E843261B860F008FEAA8 /* LaunchScreen.storyboard in Resources */,
				C108E840261B860F008FEAA8 /* Assets.xcassets in Resources */,
				C108E83E261B860E008FEAA8 /* Main.storyboard in Resources */,
			);
			runOnlyForDeploymentPostprocessing = 0;
		};
/* End PBXResourcesBuildPhase section */

/* Begin PBXSourcesBuildPhase section */
		C108E831261B860E008FEAA8 /* Sources */ = {
			isa = PBXSourcesBuildPhase;
			buildActionMask = 2147483647;
			files = (
				C108E83B261B860E008FEAA8 /* ViewController.swift in Sources */,
				C108E839261B860E008FEAA8 /* AppDelegate.swift in Sources */,
			);
			runOnlyForDeploymentPostprocessing = 0;
		};
/* End PBXSourcesBuildPhase section */

/* Begin PBXVariantGroup section */
		C108E83C261B860E008FEAA8 /* Main.storyboard */ = {
			isa = PBXVariantGroup;
			children = (
				C108E83D261B860E008FEAA8 /* Base */,
			);
			name = Main.storyboard;
			sourceTree = "<group>";
		};
		C108E841261B860F008FEAA8 /* LaunchScreen.storyboard */ = {
			isa = PBXVariantGroup;
			children = (
				C108E842261B860F008FEAA8 /* Base */,
			);
			name = LaunchScreen.storyboard;
			sourceTree = "<group>";
		};
/* End PBXVariantGroup section */

/* Begin XCBuildConfiguration section */
		C108E845261B860F008FEAA8 /* Debug */ = {
			isa = XCBuildConfiguration;
			buildSettings = {
				ALWAYS_SEARCH_USER_PATHS = NO;
				CLANG_ANALYZER_NONNULL = YES;
				CLANG_ANALYZER_NUMBER_OBJECT_CONVERSION = YES_AGGRESSIVE;
				CLANG_CXX_LANGUAGE_STANDARD = "gnu++14";
				CLANG_CXX_LIBRARY = "libc++";
				CLANG_ENABLE_MODULES = YES;
				CLANG_ENABLE_OBJC_ARC = YES;
				CLANG_ENABLE_OBJC_WEAK = YES;
				CLANG_WARN_BLOCK_CAPTURE_AUTORELEASING = YES;
				CLANG_WARN_BOOL_CONVERSION = YES;
				CLANG_WARN_COMMA = YES;
				CLANG_WARN_CONSTANT_CONVERSION = YES;
				CLANG_WARN_DEPRECATED_OBJC_IMPLEMENTATIONS = YES;
				CLANG_WARN_DIRECT_OBJC_ISA_USAGE = YES_ERROR;
				CLANG_WARN_DOCUMENTATION_COMMENTS = YES;
				CLANG_WARN_EMPTY_BODY = YES;
				CLANG_WARN_ENUM_CONVERSION = YES;
				CLANG_WARN_INFINITE_RECURSION = YES;
				CLANG_WARN_INT_CONVERSION = YES;
				CLANG_WARN_NON_LITERAL_NULL_CONVERSION = YES;
				CLANG_WARN_OBJC_IMPLICIT_RETAIN_SELF = YES;
				CLANG_WARN_OBJC_LITERAL_CONVERSION = YES;
				CLANG_WARN_OBJC_ROOT_CLASS = YES_ERROR;
				CLANG_WARN_RANGE_LOOP_ANALYSIS = YES;
				CLANG_WARN_STRICT_PROTOTYPES = YES;
				CLANG_WARN_SUSPICIOUS_MOVE = YES;
				CLANG_WARN_UNGUARDED_AVAILABILITY = YES_AGGRESSIVE;
				CLANG_WARN_UNREACHABLE_CODE = YES;
				CLANG_WARN__DUPLICATE_METHOD_MATCH = YES;
				CODE_SIGN_IDENTITY = "iPhone Developer";
				COPY_PHASE_STRIP = NO;
				DEBUG_INFORMATION_FORMAT = dwarf;
				ENABLE_STRICT_OBJC_MSGSEND = YES;
				ENABLE_TESTABILITY = YES;
				GCC_C_LANGUAGE_STANDARD = gnu11;
				GCC_DYNAMIC_NO_PIC = NO;
				GCC_NO_COMMON_BLOCKS = YES;
				GCC_OPTIMIZATION_LEVEL = 0;
				GCC_PREPROCESSOR_DEFINITIONS = (
					"DEBUG=1",
					"$(inherited)",
				);
				GCC_WARN_64_TO_32_BIT_CONVERSION = YES;
				GCC_WARN_ABOUT_RETURN_TYPE = YES_ERROR;
				GCC_WARN_UNDECLARED_SELECTOR = YES;
				GCC_WARN_UNINITIALIZED_AUTOS = YES_AGGRESSIVE;
				GCC_WARN_UNUSED_FUNCTION = YES;
				GCC_WARN_UNUSED_VARIABLE = YES;
				IPHONEOS_DEPLOYMENT_TARGET = 12.1;
				MTL_ENABLE_DEBUG_INFO = INCLUDE_SOURCE;
				MTL_FAST_MATH = YES;
				ONLY_ACTIVE_ARCH = YES;
				SDKROOT = iphoneos;
				SWIFT_ACTIVE_COMPILATION_CONDITIONS = DEBUG;
				SWIFT_OPTIMIZATION_LEVEL = "-Onone";
			};
			name = Debug;
		};
		C108E846261B860F008FEAA8 /* Release */ = {
			isa = XCBuildConfiguration;
			buildSettings = {
				ALWAYS_SEARCH_USER_PATHS = NO;
				CLANG_ANALYZER_NONNULL = YES;
				CLANG_ANALYZER_NUMBER_OBJECT_CONVERSION = YES_AGGRESSIVE;
				CLANG_CXX_LANGUAGE_STANDARD = "gnu++14";
				CLANG_CXX_LIBRARY = "libc++";
				CLANG_ENABLE_MODULES = YES;
				CLANG_ENABLE_OBJC_ARC = YES;
				CLANG_ENABLE_OBJC_WEAK = YES;
				CLANG_WARN_BLOCK_CAPTURE_AUTORELEASING = YES;
				CLANG_WARN_BOOL_CONVERSION = YES;
				CLANG_WARN_COMMA = YES;
				CLANG_WARN_CONSTANT_CONVERSION = YES;
				CLANG_WARN_DEPRECATED_OBJC_IMPLEMENTATIONS = YES;
				CLANG_WARN_DIRECT_OBJC_ISA_USAGE = YES_ERROR;
				CLANG_WARN_DOCUMENTATION_COMMENTS = YES;
				CLANG_WARN_EMPTY_BODY = YES;
				CLANG_WARN_ENUM_CONVERSION = YES;
				CLANG_WARN_INFINITE_RECURSION = YES;
				CLANG_WARN_INT_CONVERSION = YES;
				CLANG_WARN_NON_LITERAL_NULL_CONVERSION = YES;
				CLANG_WARN_OBJC_IMPLICIT_RETAIN_SELF = YES;
				CLANG_WARN_OBJC_LITERAL_CONVERSION = YES;
				CLANG_WARN_OBJC_ROOT_CLASS = YES_ERROR;
				CLANG_WARN_RANGE_LOOP_ANALYSIS = YES;
				CLANG_WARN_STRICT_PROTOTYPES = YES;
				CLANG_WARN_SUSPICIOUS_MOVE = YES;
				CLANG_WARN_UNGUARDED_AVAILABILITY = YES_AGGRESSIVE;
				CLANG_WARN_UNREACHABLE_CODE = YES;
				CLANG_WARN__DUPLICATE_METHOD_MATCH = YES;
				CODE_SIGN_IDENTITY = "iPhone Developer";
				COPY_PHASE_STRIP = NO;
				DEBUG_INFORMATION_FORMAT = "dwarf-with-dsym";
				ENABLE_NS_ASSERTIONS = NO;
				ENABLE_STRICT_OBJC_MSGSEND = YES;
				GCC_C_LANGUAGE_STANDARD = gnu11;
				GCC_NO_COMMON_BLOCKS = YES;
				GCC_WARN_64_TO_32_BIT_CONVERSION = YES;
				GCC_WARN_ABOUT_RETURN_TYPE = YES_ERROR;
				GCC_WARN_UNDECLARED_SELECTOR = YES;
				GCC_WARN_UNINITIALIZED_AUTOS = YES_AGGRESSIVE;
				GCC_WARN_UNUSED_FUNCTION = YES;
				GCC_WARN_UNUSED_VARIABLE = YES;
				IPHONEOS_DEPLOYMENT_TARGET = 12.1;
				MTL_ENABLE_DEBUG_INFO = NO;
				MTL_FAST_MATH = YES;
				SDKROOT = iphoneos;
				SWIFT_COMPILATION_MODE = wholemodule;
				SWIFT_OPTIMIZATION_LEVEL = "-O";
				VALIDATE_PRODUCT = YES;
			};
			name = Release;
		};
		C108E848261B860F008FEAA8 /* Debug */ = {
			isa = XCBuildConfiguration;
			buildSettings = {
				ASSETCATALOG_COMPILER_APPICON_NAME = AppIcon;
				CODE_SIGN_STYLE = Automatic;
				INFOPLIST_FILE = Oldog/Info.plist;
				LD_RUNPATH_SEARCH_PATHS = (
					"$(inherited)",
					"@executable_path/Frameworks",
				);
				PRODUCT_BUNDLE_IDENTIFIER = br.com.everis.Oldog;
				PRODUCT_NAME = "$(TARGET_NAME)";
				SWIFT_VERSION = 4.2;
				TARGETED_DEVICE_FAMILY = "1,2";
			};
			name = Debug;
		};
		C108E849261B860F008FEAA8 /* Release */ = {
			isa = XCBuildConfiguration;
			buildSettings = {
				ASSETCATALOG_COMPILER_APPICON_NAME = AppIcon;
				CODE_SIGN_STYLE = Automatic;
				INFOPLIST_FILE = Oldog/Info.plist;
				LD_RUNPATH_SEARCH_PATHS = (
					"$(inherited)",
					"@executable_path/Frameworks",
				);
				PRODUCT_BUNDLE_IDENTIFIER = br.com.everis.Oldog;
				PRODUCT_NAME = "$(TARGET_NAME)";
				SWIFT_VERSION = 4.2;
				TARGETED_DEVICE_FAMILY = "1,2";
			};
			name = Release;
		};
/* End XCBuildConfiguration section */

/* Begin XCConfigurationList section */
		C108E830261B860E008FEAA8 /* Build configuration list for PBXProject "Oldog" */ = {
			isa = XCConfigurationList;
			buildConfigurations = (
				C108E845261B860F008FEAA8 /* Debug */,
				C108E846261B860F008FEAA8 /* Release */,
			);
			defaultConfigurationIsVisible = 0;
			defaultConfigurationName = Release;
		};
		C108E847261B860F008FEAA8 /* Build configuration list for PBXNativeTarget "Oldog" */ = {
			isa = XCConfigurationList;
			buildConfigurations = (
				C108E848261B860F008FEAA8 /* Debug */,
				C108E849261B860F008FEAA8 /* Release */,
			);
			defaultConfigurationIsVisible = 0;
			defaultConfigurationName = Release;
		};
/* End XCConfigurationList section */
	};
	rootObject = C108E82D261B860E008FEAA8 /* Project object */;
}
